
Microsoft Visual Studio Solution File, Format Version 12.00
# Visual Studio Version 17
VisualStudioVersion = 17.11.35208.52
MinimumVisualStudioVersion = 10.0.40219.1
Project("{9A19103F-16F7-4668-BE54-9A1E7A4F7556}") = "Example_001", "Example_001\Example_001.csproj", "{064751F7-B4BA-449D-BABF-29F73A2A8A5C}"
EndProject
Project("{9A19103F-16F7-4668-BE54-9A1E7A4F7556}") = "Example_002", "Example_002\Example_002.csproj", "{7E2B3C8C-40C3-4532-ABD0-CFA79156B775}"
EndProject
Project("{9A19103F-16F7-4668-BE54-9A1E7A4F7556}") = "Example_003", "Example_003\Example_003.csproj", "{19391357-25E5-4A9D-8419-5F81455F5F41}"
EndProject
Project("{9A19103F-16F7-4668-BE54-9A1E7A4F7556}") = "Example_004", "Example_004\Example_004.csproj", "{820422C3-EED2-4A63-980B-4E8BCA54172D}"
EndProject
Project("{9A19103F-16F7-4668-BE54-9A1E7A4F7556}") = "Example_005", "Example_005\Example_005.csproj", "{0A1BF5EB-24F6-49AD-8C33-E16A99F11907}"
EndProject
Project("{9A19103F-16F7-4668-BE54-9A1E7A4F7556}") = "Example_006", "Example_006\Example_006.csproj", "{E3FB0F73-BBC7-4D71-BEE9-78BE756B31D4}"
EndProject
Project("{9A19103F-16F7-4668-BE54-9A1E7A4F7556}") = "Example_007", "Example_007\Example_007.csproj", "{F75C7A3D-CFE5-47D5-AD4A-DF450AE74932}"
EndProject
Project("{9A19103F-16F7-4668-BE54-9A1E7A4F7556}") = "Example_008", "Example_008\Example_008.csproj", "{9A191A0A-E375-4914-B702-73880A45C275}"
EndProject
Project("{9A19103F-16F7-4668-BE54-9A1E7A4F7556}") = "Example_009", "Example_009\Example_009.csproj", "{74AF7AB8-CA24-4FAF-BC89-A184018841B1}"
EndProject
Project("{9A19103F-16F7-4668-BE54-9A1E7A4F7556}") = "Example_010", "Example_010\Example_010.csproj", "{7AFEAFE8-E516-4CC8-B136-6A6D48CF0718}"
EndProject
Project("{9A19103F-16F7-4668-BE54-9A1E7A4F7556}") = "Example_011", "Example_011\Example_011.csproj", "{EC0FE578-0106-4CA5-AE83-F8DEC310C292}"
EndProject
Project("{9A19103F-16F7-4668-BE54-9A1E7A4F7556}") = "Example_012", "Example_012\Example_012.csproj", "{475A86E6-FE4E-4959-B7F6-C29ED65B9DD2}"
EndProject
Project("{9A19103F-16F7-4668-BE54-9A1E7A4F7556}") = "Example_013", "Example_013\Example_013.csproj", "{37997D57-C3F5-4E6C-907D-15C6328B305E}"
EndProject
Project("{9A19103F-16F7-4668-BE54-9A1E7A4F7556}") = "Example_014", "Example_014\Example_014.csproj", "{994CF761-39FB-4467-8ECB-A9D2F8DEC5EB}"
EndProject
Project("{9A19103F-16F7-4668-BE54-9A1E7A4F7556}") = "Example_12954", "Example_12954\Example_12954.csproj", "{0BA2625A-4AD7-4F9D-83D5-A430E14FBF36}"
EndProject
Project("{9A19103F-16F7-4668-BE54-9A1E7A4F7556}") = "Example_12937", "Example_12937\Example_12937.csproj", "{FF7B4160-AB85-4C75-953D-BD498056A3D4}"
EndProject
Project("{9A19103F-16F7-4668-BE54-9A1E7A4F7556}") = "Example_12931", "Example_12931\Example_12931.csproj", "{9A7063B8-9DEC-4501-9D87-D4BF4CF3CBD4}"
EndProject
Project("{9A19103F-16F7-4668-BE54-9A1E7A4F7556}") = "Example_12928", "Example_12928\Example_12928.csproj", "{C2CC4BF9-B0C8-4A21-91C9-49ADCA378583}"
EndProject
Project("{9A19103F-16F7-4668-BE54-9A1E7A4F7556}") = "Example_12932", "Example_12932\Example_12932.csproj", "{73D88491-E4A6-4E96-A5A1-D7206CD50C12}"
EndProject
Project("{9A19103F-16F7-4668-BE54-9A1E7A4F7556}") = "Example_12933", "Example_12933\Example_12933.csproj", "{D0C23A67-E41F-4950-B23C-C9EF101D8570}"
EndProject
Project("{9A19103F-16F7-4668-BE54-9A1E7A4F7556}") = "Example_12934", "Example_12934\Example_12934.csproj", "{ABFD95EF-6AC1-4143-951D-2D69107F7072}"
EndProject
Project("{9A19103F-16F7-4668-BE54-9A1E7A4F7556}") = "Example_12912", "Example_12912\Example_12912.csproj", "{68A8E6BC-83E0-4B1A-B11B-8BE37F29A68F}"
EndProject
Project("{9A19103F-16F7-4668-BE54-9A1E7A4F7556}") = "Example_12919", "Example_12919\Example_12919.csproj", "{B5CFA248-9673-422F-923D-2FCCADED7209}"
EndProject
Project("{9A19103F-16F7-4668-BE54-9A1E7A4F7556}") = "Example_76501", "Example_76501\Example_76501.csproj", "{EF7B779B-19FA-4861-B3F2-169ED02CBBD6}"
EndProject
Project("{9A19103F-16F7-4668-BE54-9A1E7A4F7556}") = "Example_86051", "Example_86051\Example_86051.csproj", "{19788617-3BD6-4A2F-BBDA-08143A240FD3}"
EndProject
Project("{9A19103F-16F7-4668-BE54-9A1E7A4F7556}") = "Example_12910", "Example_12910\Example_12910.csproj", "{18D6800B-DF1A-4163-9051-B0CAD7E418C1}"
EndProject
Project("{9A19103F-16F7-4668-BE54-9A1E7A4F7556}") = "Example_12935", "Example_12935\Example_12935.csproj", "{366C26F6-E9CD-4B99-939A-B0E83D9FE320}"
EndProject
Project("{FAE04EC0-301F-11D3-BF4B-00C04F79EFBC}") = "Example_12948", "Example_12948\Example_12948.csproj", "{7DF2AC90-EEF0-458F-80DF-215A7B1C1A90}"
EndProject
Project("{FAE04EC0-301F-11D3-BF4B-00C04F79EFBC}") = "Example_70128", "Example_70128\Example_70128.csproj", "{A09E6F04-DA87-4688-82F4-5CF67153C9E1}"
EndProject
Project("{FAE04EC0-301F-11D3-BF4B-00C04F79EFBC}") = "Example_12903", "Example_12903\Example_12903.csproj", "{1DC83ABF-6A46-4D7A-9DFA-E92D17C5DF51}"
EndProject
Project("{FAE04EC0-301F-11D3-BF4B-00C04F79EFBC}") = "Example_12922", "Example_12922\Example_12922.csproj", "{34DCE15B-0F15-47EF-AEED-E716F0B72B85}"
EndProject
Project("{FAE04EC0-301F-11D3-BF4B-00C04F79EFBC}") = "Example_77884", "Example_77884\Example_77884.csproj", "{C4A814E3-3717-4235-9258-8FC5FE22A72A}"
EndProject
Project("{FAE04EC0-301F-11D3-BF4B-00C04F79EFBC}") = "Example_12917", "Example_12917\Example_12917.csproj", "{C7A97C6E-0B22-4E0E-B1E2-B9DD0269B6FB}"
EndProject
Project("{FAE04EC0-301F-11D3-BF4B-00C04F79EFBC}") = "Example_82612", "Example_82612\Example_82612.csproj", "{F1C375A9-6767-4638-9E1F-201F3BFD76D8}"
EndProject
Project("{FAE04EC0-301F-11D3-BF4B-00C04F79EFBC}") = "Example_12918", "Example_12918\Example_12918.csproj", "{34E1889C-DFDC-4E5F-9E66-F2D8CEE97964}"
EndProject
Project("{FAE04EC0-301F-11D3-BF4B-00C04F79EFBC}") = "Example_12950", "Example_12950\Example_12950.csproj", "{56A7D7B3-F6A8-407A-BD2C-68E2F4FBE75B}"
EndProject
Project("{FAE04EC0-301F-11D3-BF4B-00C04F79EFBC}") = "Example_12940", "Example_12940\Example_12940.csproj", "{51170688-B64E-4EE3-9BC2-5B14A2660186}"
EndProject
Project("{FAE04EC0-301F-11D3-BF4B-00C04F79EFBC}") = "Example_12982", "Example_12982\Example_12982.csproj", "{4E735A6C-CD26-4BE9-A3AA-ECC110F113AC}"
EndProject
Project("{FAE04EC0-301F-11D3-BF4B-00C04F79EFBC}") = "Example_68935", "Example_68935\Example_68935.csproj", "{CC611B54-304A-4CA7-8F9B-0184790494F7}"
EndProject
Project("{FAE04EC0-301F-11D3-BF4B-00C04F79EFBC}") = "Example_131705", "Example_131705\Example_131705.csproj", "{BD3B0C88-E54A-4762-B975-D9F4775E0595}"
EndProject
Global
	GlobalSection(SolutionConfigurationPlatforms) = preSolution
		Debug|Any CPU = Debug|Any CPU
		Release|Any CPU = Release|Any CPU
	EndGlobalSection
	GlobalSection(ProjectConfigurationPlatforms) = postSolution
		{064751F7-B4BA-449D-BABF-29F73A2A8A5C}.Debug|Any CPU.ActiveCfg = Debug|Any CPU
		{064751F7-B4BA-449D-BABF-29F73A2A8A5C}.Debug|Any CPU.Build.0 = Debug|Any CPU
		{064751F7-B4BA-449D-BABF-29F73A2A8A5C}.Release|Any CPU.ActiveCfg = Release|Any CPU
		{064751F7-B4BA-449D-BABF-29F73A2A8A5C}.Release|Any CPU.Build.0 = Release|Any CPU
		{7E2B3C8C-40C3-4532-ABD0-CFA79156B775}.Debug|Any CPU.ActiveCfg = Debug|Any CPU
		{7E2B3C8C-40C3-4532-ABD0-CFA79156B775}.Debug|Any CPU.Build.0 = Debug|Any CPU
		{7E2B3C8C-40C3-4532-ABD0-CFA79156B775}.Release|Any CPU.ActiveCfg = Release|Any CPU
		{7E2B3C8C-40C3-4532-ABD0-CFA79156B775}.Release|Any CPU.Build.0 = Release|Any CPU
		{19391357-25E5-4A9D-8419-5F81455F5F41}.Debug|Any CPU.ActiveCfg = Debug|Any CPU
		{19391357-25E5-4A9D-8419-5F81455F5F41}.Debug|Any CPU.Build.0 = Debug|Any CPU
		{19391357-25E5-4A9D-8419-5F81455F5F41}.Release|Any CPU.ActiveCfg = Release|Any CPU
		{19391357-25E5-4A9D-8419-5F81455F5F41}.Release|Any CPU.Build.0 = Release|Any CPU
		{820422C3-EED2-4A63-980B-4E8BCA54172D}.Debug|Any CPU.ActiveCfg = Debug|Any CPU
		{820422C3-EED2-4A63-980B-4E8BCA54172D}.Debug|Any CPU.Build.0 = Debug|Any CPU
		{820422C3-EED2-4A63-980B-4E8BCA54172D}.Release|Any CPU.ActiveCfg = Release|Any CPU
		{820422C3-EED2-4A63-980B-4E8BCA54172D}.Release|Any CPU.Build.0 = Release|Any CPU
		{0A1BF5EB-24F6-49AD-8C33-E16A99F11907}.Debug|Any CPU.ActiveCfg = Debug|Any CPU
		{0A1BF5EB-24F6-49AD-8C33-E16A99F11907}.Debug|Any CPU.Build.0 = Debug|Any CPU
		{0A1BF5EB-24F6-49AD-8C33-E16A99F11907}.Release|Any CPU.ActiveCfg = Release|Any CPU
		{0A1BF5EB-24F6-49AD-8C33-E16A99F11907}.Release|Any CPU.Build.0 = Release|Any CPU
		{E3FB0F73-BBC7-4D71-BEE9-78BE756B31D4}.Debug|Any CPU.ActiveCfg = Debug|Any CPU
		{E3FB0F73-BBC7-4D71-BEE9-78BE756B31D4}.Debug|Any CPU.Build.0 = Debug|Any CPU
		{E3FB0F73-BBC7-4D71-BEE9-78BE756B31D4}.Release|Any CPU.ActiveCfg = Release|Any CPU
		{E3FB0F73-BBC7-4D71-BEE9-78BE756B31D4}.Release|Any CPU.Build.0 = Release|Any CPU
		{F75C7A3D-CFE5-47D5-AD4A-DF450AE74932}.Debug|Any CPU.ActiveCfg = Debug|Any CPU
		{F75C7A3D-CFE5-47D5-AD4A-DF450AE74932}.Debug|Any CPU.Build.0 = Debug|Any CPU
		{F75C7A3D-CFE5-47D5-AD4A-DF450AE74932}.Release|Any CPU.ActiveCfg = Release|Any CPU
		{F75C7A3D-CFE5-47D5-AD4A-DF450AE74932}.Release|Any CPU.Build.0 = Release|Any CPU
		{9A191A0A-E375-4914-B702-73880A45C275}.Debug|Any CPU.ActiveCfg = Debug|Any CPU
		{9A191A0A-E375-4914-B702-73880A45C275}.Debug|Any CPU.Build.0 = Debug|Any CPU
		{9A191A0A-E375-4914-B702-73880A45C275}.Release|Any CPU.ActiveCfg = Release|Any CPU
		{9A191A0A-E375-4914-B702-73880A45C275}.Release|Any CPU.Build.0 = Release|Any CPU
		{74AF7AB8-CA24-4FAF-BC89-A184018841B1}.Debug|Any CPU.ActiveCfg = Debug|Any CPU
		{74AF7AB8-CA24-4FAF-BC89-A184018841B1}.Debug|Any CPU.Build.0 = Debug|Any CPU
		{74AF7AB8-CA24-4FAF-BC89-A184018841B1}.Release|Any CPU.ActiveCfg = Release|Any CPU
		{74AF7AB8-CA24-4FAF-BC89-A184018841B1}.Release|Any CPU.Build.0 = Release|Any CPU
		{7AFEAFE8-E516-4CC8-B136-6A6D48CF0718}.Debug|Any CPU.ActiveCfg = Debug|Any CPU
		{7AFEAFE8-E516-4CC8-B136-6A6D48CF0718}.Debug|Any CPU.Build.0 = Debug|Any CPU
		{7AFEAFE8-E516-4CC8-B136-6A6D48CF0718}.Release|Any CPU.ActiveCfg = Release|Any CPU
		{7AFEAFE8-E516-4CC8-B136-6A6D48CF0718}.Release|Any CPU.Build.0 = Release|Any CPU
		{EC0FE578-0106-4CA5-AE83-F8DEC310C292}.Debug|Any CPU.ActiveCfg = Debug|Any CPU
		{EC0FE578-0106-4CA5-AE83-F8DEC310C292}.Debug|Any CPU.Build.0 = Debug|Any CPU
		{EC0FE578-0106-4CA5-AE83-F8DEC310C292}.Release|Any CPU.ActiveCfg = Release|Any CPU
		{EC0FE578-0106-4CA5-AE83-F8DEC310C292}.Release|Any CPU.Build.0 = Release|Any CPU
		{475A86E6-FE4E-4959-B7F6-C29ED65B9DD2}.Debug|Any CPU.ActiveCfg = Debug|Any CPU
		{475A86E6-FE4E-4959-B7F6-C29ED65B9DD2}.Debug|Any CPU.Build.0 = Debug|Any CPU
		{475A86E6-FE4E-4959-B7F6-C29ED65B9DD2}.Release|Any CPU.ActiveCfg = Release|Any CPU
		{475A86E6-FE4E-4959-B7F6-C29ED65B9DD2}.Release|Any CPU.Build.0 = Release|Any CPU
		{37997D57-C3F5-4E6C-907D-15C6328B305E}.Debug|Any CPU.ActiveCfg = Debug|Any CPU
		{37997D57-C3F5-4E6C-907D-15C6328B305E}.Debug|Any CPU.Build.0 = Debug|Any CPU
		{37997D57-C3F5-4E6C-907D-15C6328B305E}.Release|Any CPU.ActiveCfg = Release|Any CPU
		{37997D57-C3F5-4E6C-907D-15C6328B305E}.Release|Any CPU.Build.0 = Release|Any CPU
		{994CF761-39FB-4467-8ECB-A9D2F8DEC5EB}.Debug|Any CPU.ActiveCfg = Debug|Any CPU
		{994CF761-39FB-4467-8ECB-A9D2F8DEC5EB}.Debug|Any CPU.Build.0 = Debug|Any CPU
		{994CF761-39FB-4467-8ECB-A9D2F8DEC5EB}.Release|Any CPU.ActiveCfg = Release|Any CPU
		{994CF761-39FB-4467-8ECB-A9D2F8DEC5EB}.Release|Any CPU.Build.0 = Release|Any CPU
		{0BA2625A-4AD7-4F9D-83D5-A430E14FBF36}.Debug|Any CPU.ActiveCfg = Debug|Any CPU
		{0BA2625A-4AD7-4F9D-83D5-A430E14FBF36}.Debug|Any CPU.Build.0 = Debug|Any CPU
		{0BA2625A-4AD7-4F9D-83D5-A430E14FBF36}.Release|Any CPU.ActiveCfg = Release|Any CPU
		{0BA2625A-4AD7-4F9D-83D5-A430E14FBF36}.Release|Any CPU.Build.0 = Release|Any CPU
		{FF7B4160-AB85-4C75-953D-BD498056A3D4}.Debug|Any CPU.ActiveCfg = Debug|Any CPU
		{FF7B4160-AB85-4C75-953D-BD498056A3D4}.Debug|Any CPU.Build.0 = Debug|Any CPU
		{FF7B4160-AB85-4C75-953D-BD498056A3D4}.Release|Any CPU.ActiveCfg = Release|Any CPU
		{FF7B4160-AB85-4C75-953D-BD498056A3D4}.Release|Any CPU.Build.0 = Release|Any CPU
		{9A7063B8-9DEC-4501-9D87-D4BF4CF3CBD4}.Debug|Any CPU.ActiveCfg = Debug|Any CPU
		{9A7063B8-9DEC-4501-9D87-D4BF4CF3CBD4}.Debug|Any CPU.Build.0 = Debug|Any CPU
		{9A7063B8-9DEC-4501-9D87-D4BF4CF3CBD4}.Release|Any CPU.ActiveCfg = Release|Any CPU
		{9A7063B8-9DEC-4501-9D87-D4BF4CF3CBD4}.Release|Any CPU.Build.0 = Release|Any CPU
		{C2CC4BF9-B0C8-4A21-91C9-49ADCA378583}.Debug|Any CPU.ActiveCfg = Debug|Any CPU
		{C2CC4BF9-B0C8-4A21-91C9-49ADCA378583}.Debug|Any CPU.Build.0 = Debug|Any CPU
		{C2CC4BF9-B0C8-4A21-91C9-49ADCA378583}.Release|Any CPU.ActiveCfg = Release|Any CPU
		{C2CC4BF9-B0C8-4A21-91C9-49ADCA378583}.Release|Any CPU.Build.0 = Release|Any CPU
		{73D88491-E4A6-4E96-A5A1-D7206CD50C12}.Debug|Any CPU.ActiveCfg = Debug|Any CPU
		{73D88491-E4A6-4E96-A5A1-D7206CD50C12}.Debug|Any CPU.Build.0 = Debug|Any CPU
		{73D88491-E4A6-4E96-A5A1-D7206CD50C12}.Release|Any CPU.ActiveCfg = Release|Any CPU
		{73D88491-E4A6-4E96-A5A1-D7206CD50C12}.Release|Any CPU.Build.0 = Release|Any CPU
		{D0C23A67-E41F-4950-B23C-C9EF101D8570}.Debug|Any CPU.ActiveCfg = Debug|Any CPU
		{D0C23A67-E41F-4950-B23C-C9EF101D8570}.Debug|Any CPU.Build.0 = Debug|Any CPU
		{D0C23A67-E41F-4950-B23C-C9EF101D8570}.Release|Any CPU.ActiveCfg = Release|Any CPU
		{D0C23A67-E41F-4950-B23C-C9EF101D8570}.Release|Any CPU.Build.0 = Release|Any CPU
		{ABFD95EF-6AC1-4143-951D-2D69107F7072}.Debug|Any CPU.ActiveCfg = Debug|Any CPU
		{ABFD95EF-6AC1-4143-951D-2D69107F7072}.Debug|Any CPU.Build.0 = Debug|Any CPU
		{ABFD95EF-6AC1-4143-951D-2D69107F7072}.Release|Any CPU.ActiveCfg = Release|Any CPU
		{ABFD95EF-6AC1-4143-951D-2D69107F7072}.Release|Any CPU.Build.0 = Release|Any CPU
		{68A8E6BC-83E0-4B1A-B11B-8BE37F29A68F}.Debug|Any CPU.ActiveCfg = Debug|Any CPU
		{68A8E6BC-83E0-4B1A-B11B-8BE37F29A68F}.Debug|Any CPU.Build.0 = Debug|Any CPU
		{68A8E6BC-83E0-4B1A-B11B-8BE37F29A68F}.Release|Any CPU.ActiveCfg = Release|Any CPU
		{68A8E6BC-83E0-4B1A-B11B-8BE37F29A68F}.Release|Any CPU.Build.0 = Release|Any CPU
		{B5CFA248-9673-422F-923D-2FCCADED7209}.Debug|Any CPU.ActiveCfg = Debug|Any CPU
		{B5CFA248-9673-422F-923D-2FCCADED7209}.Debug|Any CPU.Build.0 = Debug|Any CPU
		{B5CFA248-9673-422F-923D-2FCCADED7209}.Release|Any CPU.ActiveCfg = Release|Any CPU
		{B5CFA248-9673-422F-923D-2FCCADED7209}.Release|Any CPU.Build.0 = Release|Any CPU
		{EF7B779B-19FA-4861-B3F2-169ED02CBBD6}.Debug|Any CPU.ActiveCfg = Debug|Any CPU
		{EF7B779B-19FA-4861-B3F2-169ED02CBBD6}.Debug|Any CPU.Build.0 = Debug|Any CPU
		{EF7B779B-19FA-4861-B3F2-169ED02CBBD6}.Release|Any CPU.ActiveCfg = Release|Any CPU
		{EF7B779B-19FA-4861-B3F2-169ED02CBBD6}.Release|Any CPU.Build.0 = Release|Any CPU
		{19788617-3BD6-4A2F-BBDA-08143A240FD3}.Debug|Any CPU.ActiveCfg = Debug|Any CPU
		{19788617-3BD6-4A2F-BBDA-08143A240FD3}.Debug|Any CPU.Build.0 = Debug|Any CPU
		{19788617-3BD6-4A2F-BBDA-08143A240FD3}.Release|Any CPU.ActiveCfg = Release|Any CPU
		{19788617-3BD6-4A2F-BBDA-08143A240FD3}.Release|Any CPU.Build.0 = Release|Any CPU
		{18D6800B-DF1A-4163-9051-B0CAD7E418C1}.Debug|Any CPU.ActiveCfg = Debug|Any CPU
		{18D6800B-DF1A-4163-9051-B0CAD7E418C1}.Debug|Any CPU.Build.0 = Debug|Any CPU
		{18D6800B-DF1A-4163-9051-B0CAD7E418C1}.Release|Any CPU.ActiveCfg = Release|Any CPU
		{18D6800B-DF1A-4163-9051-B0CAD7E418C1}.Release|Any CPU.Build.0 = Release|Any CPU
		{366C26F6-E9CD-4B99-939A-B0E83D9FE320}.Debug|Any CPU.ActiveCfg = Debug|Any CPU
		{366C26F6-E9CD-4B99-939A-B0E83D9FE320}.Debug|Any CPU.Build.0 = Debug|Any CPU
		{366C26F6-E9CD-4B99-939A-B0E83D9FE320}.Release|Any CPU.ActiveCfg = Release|Any CPU
		{366C26F6-E9CD-4B99-939A-B0E83D9FE320}.Release|Any CPU.Build.0 = Release|Any CPU
		{7DF2AC90-EEF0-458F-80DF-215A7B1C1A90}.Debug|Any CPU.ActiveCfg = Debug|Any CPU
		{7DF2AC90-EEF0-458F-80DF-215A7B1C1A90}.Debug|Any CPU.Build.0 = Debug|Any CPU
		{7DF2AC90-EEF0-458F-80DF-215A7B1C1A90}.Release|Any CPU.ActiveCfg = Release|Any CPU
		{7DF2AC90-EEF0-458F-80DF-215A7B1C1A90}.Release|Any CPU.Build.0 = Release|Any CPU
		{A09E6F04-DA87-4688-82F4-5CF67153C9E1}.Debug|Any CPU.ActiveCfg = Debug|Any CPU
		{A09E6F04-DA87-4688-82F4-5CF67153C9E1}.Debug|Any CPU.Build.0 = Debug|Any CPU
		{A09E6F04-DA87-4688-82F4-5CF67153C9E1}.Release|Any CPU.ActiveCfg = Release|Any CPU
		{A09E6F04-DA87-4688-82F4-5CF67153C9E1}.Release|Any CPU.Build.0 = Release|Any CPU
		{1DC83ABF-6A46-4D7A-9DFA-E92D17C5DF51}.Debug|Any CPU.ActiveCfg = Debug|Any CPU
		{1DC83ABF-6A46-4D7A-9DFA-E92D17C5DF51}.Debug|Any CPU.Build.0 = Debug|Any CPU
		{1DC83ABF-6A46-4D7A-9DFA-E92D17C5DF51}.Release|Any CPU.ActiveCfg = Release|Any CPU
		{1DC83ABF-6A46-4D7A-9DFA-E92D17C5DF51}.Release|Any CPU.Build.0 = Release|Any CPU
		{34DCE15B-0F15-47EF-AEED-E716F0B72B85}.Debug|Any CPU.ActiveCfg = Debug|Any CPU
		{34DCE15B-0F15-47EF-AEED-E716F0B72B85}.Debug|Any CPU.Build.0 = Debug|Any CPU
		{34DCE15B-0F15-47EF-AEED-E716F0B72B85}.Release|Any CPU.ActiveCfg = Release|Any CPU
		{34DCE15B-0F15-47EF-AEED-E716F0B72B85}.Release|Any CPU.Build.0 = Release|Any CPU
		{C4A814E3-3717-4235-9258-8FC5FE22A72A}.Debug|Any CPU.ActiveCfg = Debug|Any CPU
		{C4A814E3-3717-4235-9258-8FC5FE22A72A}.Debug|Any CPU.Build.0 = Debug|Any CPU
		{C4A814E3-3717-4235-9258-8FC5FE22A72A}.Release|Any CPU.ActiveCfg = Release|Any CPU
		{C4A814E3-3717-4235-9258-8FC5FE22A72A}.Release|Any CPU.Build.0 = Release|Any CPU
		{C7A97C6E-0B22-4E0E-B1E2-B9DD0269B6FB}.Debug|Any CPU.ActiveCfg = Debug|Any CPU
		{C7A97C6E-0B22-4E0E-B1E2-B9DD0269B6FB}.Debug|Any CPU.Build.0 = Debug|Any CPU
		{C7A97C6E-0B22-4E0E-B1E2-B9DD0269B6FB}.Release|Any CPU.ActiveCfg = Release|Any CPU
		{C7A97C6E-0B22-4E0E-B1E2-B9DD0269B6FB}.Release|Any CPU.Build.0 = Release|Any CPU
		{F1C375A9-6767-4638-9E1F-201F3BFD76D8}.Debug|Any CPU.ActiveCfg = Debug|Any CPU
		{F1C375A9-6767-4638-9E1F-201F3BFD76D8}.Debug|Any CPU.Build.0 = Debug|Any CPU
		{F1C375A9-6767-4638-9E1F-201F3BFD76D8}.Release|Any CPU.ActiveCfg = Release|Any CPU
		{F1C375A9-6767-4638-9E1F-201F3BFD76D8}.Release|Any CPU.Build.0 = Release|Any CPU
		{34E1889C-DFDC-4E5F-9E66-F2D8CEE97964}.Debug|Any CPU.ActiveCfg = Debug|Any CPU
		{34E1889C-DFDC-4E5F-9E66-F2D8CEE97964}.Debug|Any CPU.Build.0 = Debug|Any CPU
		{34E1889C-DFDC-4E5F-9E66-F2D8CEE97964}.Release|Any CPU.ActiveCfg = Release|Any CPU
		{34E1889C-DFDC-4E5F-9E66-F2D8CEE97964}.Release|Any CPU.Build.0 = Release|Any CPU
		{56A7D7B3-F6A8-407A-BD2C-68E2F4FBE75B}.Debug|Any CPU.ActiveCfg = Debug|Any CPU
		{56A7D7B3-F6A8-407A-BD2C-68E2F4FBE75B}.Debug|Any CPU.Build.0 = Debug|Any CPU
		{56A7D7B3-F6A8-407A-BD2C-68E2F4FBE75B}.Release|Any CPU.ActiveCfg = Release|Any CPU
		{56A7D7B3-F6A8-407A-BD2C-68E2F4FBE75B}.Release|Any CPU.Build.0 = Release|Any CPU
		{51170688-B64E-4EE3-9BC2-5B14A2660186}.Debug|Any CPU.ActiveCfg = Debug|Any CPU
		{51170688-B64E-4EE3-9BC2-5B14A2660186}.Debug|Any CPU.Build.0 = Debug|Any CPU
		{51170688-B64E-4EE3-9BC2-5B14A2660186}.Release|Any CPU.ActiveCfg = Release|Any CPU
		{51170688-B64E-4EE3-9BC2-5B14A2660186}.Release|Any CPU.Build.0 = Release|Any CPU
		{4E735A6C-CD26-4BE9-A3AA-ECC110F113AC}.Debug|Any CPU.ActiveCfg = Debug|Any CPU
		{4E735A6C-CD26-4BE9-A3AA-ECC110F113AC}.Debug|Any CPU.Build.0 = Debug|Any CPU
		{4E735A6C-CD26-4BE9-A3AA-ECC110F113AC}.Release|Any CPU.ActiveCfg = Release|Any CPU
		{4E735A6C-CD26-4BE9-A3AA-ECC110F113AC}.Release|Any CPU.Build.0 = Release|Any CPU
		{CC611B54-304A-4CA7-8F9B-0184790494F7}.Debug|Any CPU.ActiveCfg = Debug|Any CPU
		{CC611B54-304A-4CA7-8F9B-0184790494F7}.Debug|Any CPU.Build.0 = Debug|Any CPU
		{CC611B54-304A-4CA7-8F9B-0184790494F7}.Release|Any CPU.ActiveCfg = Release|Any CPU
		{CC611B54-304A-4CA7-8F9B-0184790494F7}.Release|Any CPU.Build.0 = Release|Any CPU
		{BD3B0C88-E54A-4762-B975-D9F4775E0595}.Debug|Any CPU.ActiveCfg = Debug|Any CPU
		{BD3B0C88-E54A-4762-B975-D9F4775E0595}.Debug|Any CPU.Build.0 = Debug|Any CPU
		{BD3B0C88-E54A-4762-B975-D9F4775E0595}.Release|Any CPU.ActiveCfg = Release|Any CPU
		{BD3B0C88-E54A-4762-B975-D9F4775E0595}.Release|Any CPU.Build.0 = Release|Any CPU
	EndGlobalSection
	GlobalSection(SolutionProperties) = preSolution
		HideSolutionNode = FALSE
	EndGlobalSection
	GlobalSection(ExtensibilityGlobals) = postSolution
		SolutionGuid = {B8C052BE-8AC3-4BDB-BBA8-D22C011F4AAD}
	EndGlobalSection
EndGlobal
