
Microsoft Visual Studio Solution File, Format Version 12.00
# Visual Studio Version 17
VisualStudioVersion = 17.10.35013.160
MinimumVisualStudioVersion = 10.0.40219.1
Project("{9A19103F-16F7-4668-BE54-9A1E7A4F7556}") = "CodingTestLevel0", "CodingTestLevel0.csproj", "{F7EF1C02-4018-41AE-87E8-4EE2D764B5C1}"
EndProject
Project("{9A19103F-16F7-4668-BE54-9A1E7A4F7556}") = "Example_001", "..\Example_001\Example_001.csproj", "{7B0770D2-5F3D-45A0-8AA5-8F45C026D334}"
EndProject
Project("{9A19103F-16F7-4668-BE54-9A1E7A4F7556}") = "Example_002", "..\Example_002\Example_002.csproj", "{FDA40D98-F3BC-4E63-A4CC-B013FCA6D000}"
EndProject
Project("{9A19103F-16F7-4668-BE54-9A1E7A4F7556}") = "Example_003", "..\Example_003\Example_003.csproj", "{C5AE52AA-C7E7-40F3-BADD-4D8DB5CAB620}"
EndProject
Project("{9A19103F-16F7-4668-BE54-9A1E7A4F7556}") = "Example_004", "..\Example_004\Example_004.csproj", "{3E06205E-6170-4858-8AB3-A4013B4F6B20}"
EndProject
Project("{9A19103F-16F7-4668-BE54-9A1E7A4F7556}") = "Example_005", "..\Example_005\Example_005.csproj", "{A3E95F55-B844-418F-B86C-36242C569166}"
EndProject
Project("{9A19103F-16F7-4668-BE54-9A1E7A4F7556}") = "Example_006", "..\Example_006\Example_006.csproj", "{4C1A98DC-2568-4151-AA3E-B0D9BF40F65F}"
EndProject
Project("{9A19103F-16F7-4668-BE54-9A1E7A4F7556}") = "Example_007", "..\Example_007\Example_007.csproj", "{56AFABE8-418F-4199-925A-FB4D7A4FB740}"
EndProject
Project("{9A19103F-16F7-4668-BE54-9A1E7A4F7556}") = "Example_008", "..\Example_008\Example_008.csproj", "{CB8D8C9E-EA5F-4828-A1BC-ACD6FC61D81F}"
EndProject
Project("{9A19103F-16F7-4668-BE54-9A1E7A4F7556}") = "Example_009", "..\Example_009\Example_009.csproj", "{2FBCA519-05B2-4451-9BF7-02C2B17DD8F5}"
EndProject
Project("{9A19103F-16F7-4668-BE54-9A1E7A4F7556}") = "Example_010", "..\Example_010\Example_010.csproj", "{BCF33A22-2F00-45F4-A08B-32F16202F97C}"
EndProject
Project("{9A19103F-16F7-4668-BE54-9A1E7A4F7556}") = "Example_011", "..\Example_011\Example_011.csproj", "{EB50BC27-96C3-41F6-AA18-2BDC5586A0AE}"
EndProject
Project("{9A19103F-16F7-4668-BE54-9A1E7A4F7556}") = "Example_012", "..\Example_012\Example_012.csproj", "{F86AE9C8-BA19-4172-94C9-D094166D83A9}"
EndProject
Project("{9A19103F-16F7-4668-BE54-9A1E7A4F7556}") = "Example_013", "..\Example_013\Example_013.csproj", "{FD2CD14A-1134-4DF5-A761-6C08C77FE925}"
EndProject
Project("{9A19103F-16F7-4668-BE54-9A1E7A4F7556}") = "Example_014", "..\Example_014\Example_014.csproj", "{F6E95CDC-F4FA-48A0-BDF0-03351720D685}"
EndProject
Project("{9A19103F-16F7-4668-BE54-9A1E7A4F7556}") = "Example_015", "..\Example_015\Example_015.csproj", "{E4693590-B981-4BCE-8DCC-E38E570A2DE1}"
EndProject
Project("{9A19103F-16F7-4668-BE54-9A1E7A4F7556}") = "Example_016", "..\Example_016\Example_016.csproj", "{9D437E35-46FA-45BF-978B-B8CB073F8B41}"
EndProject
Project("{9A19103F-16F7-4668-BE54-9A1E7A4F7556}") = "Example_017", "..\Example_017\Example_017.csproj", "{2BED3CA8-543D-420E-842B-FCA1CE349E36}"
EndProject
Project("{9A19103F-16F7-4668-BE54-9A1E7A4F7556}") = "Example_018", "..\Example_018\Example_018.csproj", "{E03168D5-2F0F-4FB5-BBF3-0A3C5367C99F}"
EndProject
Project("{9A19103F-16F7-4668-BE54-9A1E7A4F7556}") = "Example_019", "..\Example_019\Example_019.csproj", "{994BCDD8-8F22-45BA-8F8B-0705913967B7}"
EndProject
Project("{9A19103F-16F7-4668-BE54-9A1E7A4F7556}") = "Example_020", "..\Example_020\Example_020.csproj", "{D6BCD9D8-F2E3-4A76-B523-3014248EF6C5}"
EndProject
Project("{9A19103F-16F7-4668-BE54-9A1E7A4F7556}") = "Example_021", "..\Example_021\Example_021.csproj", "{2496C753-E247-43B8-8487-3631AAAA93D0}"
EndProject
Project("{9A19103F-16F7-4668-BE54-9A1E7A4F7556}") = "Example_022", "..\Example_022\Example_022.csproj", "{C6D9EA52-EAAC-4E14-AF03-3A2CC32180E1}"
EndProject
Project("{FAE04EC0-301F-11D3-BF4B-00C04F79EFBC}") = "Example_023", "..\Example_023\Example_023.csproj", "{563BDFA4-CCA3-4907-9C9C-BAC710209905}"
EndProject
Project("{FAE04EC0-301F-11D3-BF4B-00C04F79EFBC}") = "Example_024", "..\Example_024\Example_024.csproj", "{927A8318-557B-4D94-BBFD-28843348CEF9}"
EndProject
Project("{FAE04EC0-301F-11D3-BF4B-00C04F79EFBC}") = "Example_025", "..\Example_025\Example_025.csproj", "{4B95D42D-D799-4DA6-A791-8A3533DB0DAD}"
EndProject
Global
	GlobalSection(SolutionConfigurationPlatforms) = preSolution
		Debug|Any CPU = Debug|Any CPU
		Release|Any CPU = Release|Any CPU
	EndGlobalSection
	GlobalSection(ProjectConfigurationPlatforms) = postSolution
		{F7EF1C02-4018-41AE-87E8-4EE2D764B5C1}.Debug|Any CPU.ActiveCfg = Debug|Any CPU
		{F7EF1C02-4018-41AE-87E8-4EE2D764B5C1}.Debug|Any CPU.Build.0 = Debug|Any CPU
		{F7EF1C02-4018-41AE-87E8-4EE2D764B5C1}.Release|Any CPU.ActiveCfg = Release|Any CPU
		{F7EF1C02-4018-41AE-87E8-4EE2D764B5C1}.Release|Any CPU.Build.0 = Release|Any CPU
		{7B0770D2-5F3D-45A0-8AA5-8F45C026D334}.Debug|Any CPU.ActiveCfg = Debug|Any CPU
		{7B0770D2-5F3D-45A0-8AA5-8F45C026D334}.Debug|Any CPU.Build.0 = Debug|Any CPU
		{7B0770D2-5F3D-45A0-8AA5-8F45C026D334}.Release|Any CPU.ActiveCfg = Release|Any CPU
		{7B0770D2-5F3D-45A0-8AA5-8F45C026D334}.Release|Any CPU.Build.0 = Release|Any CPU
		{FDA40D98-F3BC-4E63-A4CC-B013FCA6D000}.Debug|Any CPU.ActiveCfg = Debug|Any CPU
		{FDA40D98-F3BC-4E63-A4CC-B013FCA6D000}.Debug|Any CPU.Build.0 = Debug|Any CPU
		{FDA40D98-F3BC-4E63-A4CC-B013FCA6D000}.Release|Any CPU.ActiveCfg = Release|Any CPU
		{FDA40D98-F3BC-4E63-A4CC-B013FCA6D000}.Release|Any CPU.Build.0 = Release|Any CPU
		{C5AE52AA-C7E7-40F3-BADD-4D8DB5CAB620}.Debug|Any CPU.ActiveCfg = Debug|Any CPU
		{C5AE52AA-C7E7-40F3-BADD-4D8DB5CAB620}.Debug|Any CPU.Build.0 = Debug|Any CPU
		{C5AE52AA-C7E7-40F3-BADD-4D8DB5CAB620}.Release|Any CPU.ActiveCfg = Release|Any CPU
		{C5AE52AA-C7E7-40F3-BADD-4D8DB5CAB620}.Release|Any CPU.Build.0 = Release|Any CPU
		{3E06205E-6170-4858-8AB3-A4013B4F6B20}.Debug|Any CPU.ActiveCfg = Debug|Any CPU
		{3E06205E-6170-4858-8AB3-A4013B4F6B20}.Debug|Any CPU.Build.0 = Debug|Any CPU
		{3E06205E-6170-4858-8AB3-A4013B4F6B20}.Release|Any CPU.ActiveCfg = Release|Any CPU
		{3E06205E-6170-4858-8AB3-A4013B4F6B20}.Release|Any CPU.Build.0 = Release|Any CPU
		{A3E95F55-B844-418F-B86C-36242C569166}.Debug|Any CPU.ActiveCfg = Debug|Any CPU
		{A3E95F55-B844-418F-B86C-36242C569166}.Debug|Any CPU.Build.0 = Debug|Any CPU
		{A3E95F55-B844-418F-B86C-36242C569166}.Release|Any CPU.ActiveCfg = Release|Any CPU
		{A3E95F55-B844-418F-B86C-36242C569166}.Release|Any CPU.Build.0 = Release|Any CPU
		{4C1A98DC-2568-4151-AA3E-B0D9BF40F65F}.Debug|Any CPU.ActiveCfg = Debug|Any CPU
		{4C1A98DC-2568-4151-AA3E-B0D9BF40F65F}.Debug|Any CPU.Build.0 = Debug|Any CPU
		{4C1A98DC-2568-4151-AA3E-B0D9BF40F65F}.Release|Any CPU.ActiveCfg = Release|Any CPU
		{4C1A98DC-2568-4151-AA3E-B0D9BF40F65F}.Release|Any CPU.Build.0 = Release|Any CPU
		{56AFABE8-418F-4199-925A-FB4D7A4FB740}.Debug|Any CPU.ActiveCfg = Debug|Any CPU
		{56AFABE8-418F-4199-925A-FB4D7A4FB740}.Debug|Any CPU.Build.0 = Debug|Any CPU
		{56AFABE8-418F-4199-925A-FB4D7A4FB740}.Release|Any CPU.ActiveCfg = Release|Any CPU
		{56AFABE8-418F-4199-925A-FB4D7A4FB740}.Release|Any CPU.Build.0 = Release|Any CPU
		{CB8D8C9E-EA5F-4828-A1BC-ACD6FC61D81F}.Debug|Any CPU.ActiveCfg = Debug|Any CPU
		{CB8D8C9E-EA5F-4828-A1BC-ACD6FC61D81F}.Debug|Any CPU.Build.0 = Debug|Any CPU
		{CB8D8C9E-EA5F-4828-A1BC-ACD6FC61D81F}.Release|Any CPU.ActiveCfg = Release|Any CPU
		{CB8D8C9E-EA5F-4828-A1BC-ACD6FC61D81F}.Release|Any CPU.Build.0 = Release|Any CPU
		{2FBCA519-05B2-4451-9BF7-02C2B17DD8F5}.Debug|Any CPU.ActiveCfg = Debug|Any CPU
		{2FBCA519-05B2-4451-9BF7-02C2B17DD8F5}.Debug|Any CPU.Build.0 = Debug|Any CPU
		{2FBCA519-05B2-4451-9BF7-02C2B17DD8F5}.Release|Any CPU.ActiveCfg = Release|Any CPU
		{2FBCA519-05B2-4451-9BF7-02C2B17DD8F5}.Release|Any CPU.Build.0 = Release|Any CPU
		{BCF33A22-2F00-45F4-A08B-32F16202F97C}.Debug|Any CPU.ActiveCfg = Debug|Any CPU
		{BCF33A22-2F00-45F4-A08B-32F16202F97C}.Debug|Any CPU.Build.0 = Debug|Any CPU
		{BCF33A22-2F00-45F4-A08B-32F16202F97C}.Release|Any CPU.ActiveCfg = Release|Any CPU
		{BCF33A22-2F00-45F4-A08B-32F16202F97C}.Release|Any CPU.Build.0 = Release|Any CPU
		{EB50BC27-96C3-41F6-AA18-2BDC5586A0AE}.Debug|Any CPU.ActiveCfg = Debug|Any CPU
		{EB50BC27-96C3-41F6-AA18-2BDC5586A0AE}.Debug|Any CPU.Build.0 = Debug|Any CPU
		{EB50BC27-96C3-41F6-AA18-2BDC5586A0AE}.Release|Any CPU.ActiveCfg = Release|Any CPU
		{EB50BC27-96C3-41F6-AA18-2BDC5586A0AE}.Release|Any CPU.Build.0 = Release|Any CPU
		{F86AE9C8-BA19-4172-94C9-D094166D83A9}.Debug|Any CPU.ActiveCfg = Debug|Any CPU
		{F86AE9C8-BA19-4172-94C9-D094166D83A9}.Debug|Any CPU.Build.0 = Debug|Any CPU
		{F86AE9C8-BA19-4172-94C9-D094166D83A9}.Release|Any CPU.ActiveCfg = Release|Any CPU
		{F86AE9C8-BA19-4172-94C9-D094166D83A9}.Release|Any CPU.Build.0 = Release|Any CPU
		{FD2CD14A-1134-4DF5-A761-6C08C77FE925}.Debug|Any CPU.ActiveCfg = Debug|Any CPU
		{FD2CD14A-1134-4DF5-A761-6C08C77FE925}.Debug|Any CPU.Build.0 = Debug|Any CPU
		{FD2CD14A-1134-4DF5-A761-6C08C77FE925}.Release|Any CPU.ActiveCfg = Release|Any CPU
		{FD2CD14A-1134-4DF5-A761-6C08C77FE925}.Release|Any CPU.Build.0 = Release|Any CPU
		{F6E95CDC-F4FA-48A0-BDF0-03351720D685}.Debug|Any CPU.ActiveCfg = Debug|Any CPU
		{F6E95CDC-F4FA-48A0-BDF0-03351720D685}.Debug|Any CPU.Build.0 = Debug|Any CPU
		{F6E95CDC-F4FA-48A0-BDF0-03351720D685}.Release|Any CPU.ActiveCfg = Release|Any CPU
		{F6E95CDC-F4FA-48A0-BDF0-03351720D685}.Release|Any CPU.Build.0 = Release|Any CPU
		{E4693590-B981-4BCE-8DCC-E38E570A2DE1}.Debug|Any CPU.ActiveCfg = Debug|Any CPU
		{E4693590-B981-4BCE-8DCC-E38E570A2DE1}.Debug|Any CPU.Build.0 = Debug|Any CPU
		{E4693590-B981-4BCE-8DCC-E38E570A2DE1}.Release|Any CPU.ActiveCfg = Release|Any CPU
		{E4693590-B981-4BCE-8DCC-E38E570A2DE1}.Release|Any CPU.Build.0 = Release|Any CPU
		{9D437E35-46FA-45BF-978B-B8CB073F8B41}.Debug|Any CPU.ActiveCfg = Debug|Any CPU
		{9D437E35-46FA-45BF-978B-B8CB073F8B41}.Debug|Any CPU.Build.0 = Debug|Any CPU
		{9D437E35-46FA-45BF-978B-B8CB073F8B41}.Release|Any CPU.ActiveCfg = Release|Any CPU
		{9D437E35-46FA-45BF-978B-B8CB073F8B41}.Release|Any CPU.Build.0 = Release|Any CPU
		{2BED3CA8-543D-420E-842B-FCA1CE349E36}.Debug|Any CPU.ActiveCfg = Debug|Any CPU
		{2BED3CA8-543D-420E-842B-FCA1CE349E36}.Debug|Any CPU.Build.0 = Debug|Any CPU
		{2BED3CA8-543D-420E-842B-FCA1CE349E36}.Release|Any CPU.ActiveCfg = Release|Any CPU
		{2BED3CA8-543D-420E-842B-FCA1CE349E36}.Release|Any CPU.Build.0 = Release|Any CPU
		{E03168D5-2F0F-4FB5-BBF3-0A3C5367C99F}.Debug|Any CPU.ActiveCfg = Debug|Any CPU
		{E03168D5-2F0F-4FB5-BBF3-0A3C5367C99F}.Debug|Any CPU.Build.0 = Debug|Any CPU
		{E03168D5-2F0F-4FB5-BBF3-0A3C5367C99F}.Release|Any CPU.ActiveCfg = Release|Any CPU
		{E03168D5-2F0F-4FB5-BBF3-0A3C5367C99F}.Release|Any CPU.Build.0 = Release|Any CPU
		{994BCDD8-8F22-45BA-8F8B-0705913967B7}.Debug|Any CPU.ActiveCfg = Debug|Any CPU
		{994BCDD8-8F22-45BA-8F8B-0705913967B7}.Debug|Any CPU.Build.0 = Debug|Any CPU
		{994BCDD8-8F22-45BA-8F8B-0705913967B7}.Release|Any CPU.ActiveCfg = Release|Any CPU
		{994BCDD8-8F22-45BA-8F8B-0705913967B7}.Release|Any CPU.Build.0 = Release|Any CPU
		{D6BCD9D8-F2E3-4A76-B523-3014248EF6C5}.Debug|Any CPU.ActiveCfg = Debug|Any CPU
		{D6BCD9D8-F2E3-4A76-B523-3014248EF6C5}.Debug|Any CPU.Build.0 = Debug|Any CPU
		{D6BCD9D8-F2E3-4A76-B523-3014248EF6C5}.Release|Any CPU.ActiveCfg = Release|Any CPU
		{D6BCD9D8-F2E3-4A76-B523-3014248EF6C5}.Release|Any CPU.Build.0 = Release|Any CPU
		{2496C753-E247-43B8-8487-3631AAAA93D0}.Debug|Any CPU.ActiveCfg = Debug|Any CPU
		{2496C753-E247-43B8-8487-3631AAAA93D0}.Debug|Any CPU.Build.0 = Debug|Any CPU
		{2496C753-E247-43B8-8487-3631AAAA93D0}.Release|Any CPU.ActiveCfg = Release|Any CPU
		{2496C753-E247-43B8-8487-3631AAAA93D0}.Release|Any CPU.Build.0 = Release|Any CPU
		{C6D9EA52-EAAC-4E14-AF03-3A2CC32180E1}.Debug|Any CPU.ActiveCfg = Debug|Any CPU
		{C6D9EA52-EAAC-4E14-AF03-3A2CC32180E1}.Debug|Any CPU.Build.0 = Debug|Any CPU
		{C6D9EA52-EAAC-4E14-AF03-3A2CC32180E1}.Release|Any CPU.ActiveCfg = Release|Any CPU
		{C6D9EA52-EAAC-4E14-AF03-3A2CC32180E1}.Release|Any CPU.Build.0 = Release|Any CPU
		{563BDFA4-CCA3-4907-9C9C-BAC710209905}.Debug|Any CPU.ActiveCfg = Debug|Any CPU
		{563BDFA4-CCA3-4907-9C9C-BAC710209905}.Debug|Any CPU.Build.0 = Debug|Any CPU
		{563BDFA4-CCA3-4907-9C9C-BAC710209905}.Release|Any CPU.ActiveCfg = Release|Any CPU
		{563BDFA4-CCA3-4907-9C9C-BAC710209905}.Release|Any CPU.Build.0 = Release|Any CPU
		{927A8318-557B-4D94-BBFD-28843348CEF9}.Debug|Any CPU.ActiveCfg = Debug|Any CPU
		{927A8318-557B-4D94-BBFD-28843348CEF9}.Debug|Any CPU.Build.0 = Debug|Any CPU
		{927A8318-557B-4D94-BBFD-28843348CEF9}.Release|Any CPU.ActiveCfg = Release|Any CPU
		{927A8318-557B-4D94-BBFD-28843348CEF9}.Release|Any CPU.Build.0 = Release|Any CPU
		{4B95D42D-D799-4DA6-A791-8A3533DB0DAD}.Debug|Any CPU.ActiveCfg = Debug|Any CPU
		{4B95D42D-D799-4DA6-A791-8A3533DB0DAD}.Debug|Any CPU.Build.0 = Debug|Any CPU
		{4B95D42D-D799-4DA6-A791-8A3533DB0DAD}.Release|Any CPU.ActiveCfg = Release|Any CPU
		{4B95D42D-D799-4DA6-A791-8A3533DB0DAD}.Release|Any CPU.Build.0 = Release|Any CPU
	EndGlobalSection
	GlobalSection(SolutionProperties) = preSolution
		HideSolutionNode = FALSE
	EndGlobalSection
	GlobalSection(ExtensibilityGlobals) = postSolution
		SolutionGuid = {536728CF-055D-4749-9E58-3BC6F1878721}
	EndGlobalSection
EndGlobal
